
Microsoft Visual Studio Solution File, Format Version 12.00
# Visual Studio Version 16
VisualStudioVersion = 16.0.31205.134
MinimumVisualStudioVersion = 10.0.40219.1
Project("{FAE04EC0-301F-11D3-BF4B-00C04F79EFBC}") = "Fundamentals", "Fundamentals\Fundamentals.csproj", "{86CA5B0F-6F81-4E6A-85CB-2DD3E888BEE1}"
EndProject
Project("{FAE04EC0-301F-11D3-BF4B-00C04F79EFBC}") = "Fundamentals.Test", "Fundamentals.Test\Fundamentals.Test.csproj", "{C95CCF19-A719-4559-A354-F5165AB477BB}"
EndProject
Global
	GlobalSection(SolutionConfigurationPlatforms) = preSolution
		Debug|Any CPU = Debug|Any CPU
		Release|Any CPU = Release|Any CPU
	EndGlobalSection
	GlobalSection(ProjectConfigurationPlatforms) = postSolution
		{86CA5B0F-6F81-4E6A-85CB-2DD3E888BEE1}.Debug|Any CPU.ActiveCfg = Debug|Any CPU
		{86CA5B0F-6F81-4E6A-85CB-2DD3E888BEE1}.Debug|Any CPU.Build.0 = Debug|Any CPU
		{86CA5B0F-6F81-4E6A-85CB-2DD3E888BEE1}.Release|Any CPU.ActiveCfg = Release|Any CPU
		{86CA5B0F-6F81-4E6A-85CB-2DD3E888BEE1}.Release|Any CPU.Build.0 = Release|Any CPU
		{C95CCF19-A719-4559-A354-F5165AB477BB}.Debug|Any CPU.ActiveCfg = Debug|Any CPU
		{C95CCF19-A719-4559-A354-F5165AB477BB}.Debug|Any CPU.Build.0 = Debug|Any CPU
		{C95CCF19-A719-4559-A354-F5165AB477BB}.Release|Any CPU.ActiveCfg = Release|Any CPU
		{C95CCF19-A719-4559-A354-F5165AB477BB}.Release|Any CPU.Build.0 = Release|Any CPU
	EndGlobalSection
	GlobalSection(SolutionProperties) = preSolution
		HideSolutionNode = FALSE
	EndGlobalSection
	GlobalSection(ExtensibilityGlobals) = postSolution
		SolutionGuid = {3F64EEC2-B733-4095-97B2-DC98B01DBB4B}
	EndGlobalSection
EndGlobal
